
Microsoft Visual Studio Solution File, Format Version 12.00
# Visual Studio Express 2012 for Windows Desktop
Project("{F184B08F-C81C-45F6-A57F-5ABD9991F28F}") = "The Church Of Pentecost Data Base System", "The Church Of Pentecost Data Base System\The Church Of Pentecost Data Base System.vbproj", "{18D8CD78-D456-40F9-B4C2-F06D62413040}"
EndProject
Global
	GlobalSection(SolutionConfigurationPlatforms) = preSolution
		Debug|Any CPU = Debug|Any CPU
		Release|Any CPU = Release|Any CPU
	EndGlobalSection
	GlobalSection(ProjectConfigurationPlatforms) = postSolution
		{18D8CD78-D456-40F9-B4C2-F06D62413040}.Debug|Any CPU.ActiveCfg = Debug|Any CPU
		{18D8CD78-D456-40F9-B4C2-F06D62413040}.Debug|Any CPU.Build.0 = Debug|Any CPU
		{18D8CD78-D456-40F9-B4C2-F06D62413040}.Release|Any CPU.ActiveCfg = Release|Any CPU
		{18D8CD78-D456-40F9-B4C2-F06D62413040}.Release|Any CPU.Build.0 = Release|Any CPU
	EndGlobalSection
	GlobalSection(SolutionProperties) = preSolution
		HideSolutionNode = FALSE
	EndGlobalSection
EndGlobal
